
Microsoft Visual Studio Solution File, Format Version 12.00
# Visual Studio Version 17
VisualStudioVersion = 17.4.33110.190
MinimumVisualStudioVersion = 10.0.40219.1
Project("{8BC9CEB8-8B4A-11D0-8D11-00A0C91BC942}") = "Pointers", "Pointers\Pointers.vcxproj", "{30920D16-2E55-4A02-8EEC-9EC4A363311F}"
EndProject
Project("{8BC9CEB8-8B4A-11D0-8D11-00A0C91BC942}") = "TransferParameters", "TransferParameters\TransferParameters.vcxproj", "{7CDFA51C-B082-427B-B4B4-FC7C99004860}"
EndProject
Project("{8BC9CEB8-8B4A-11D0-8D11-00A0C91BC942}") = "DynamicMemory", "DynamicMemory\DynamicMemory.vcxproj", "{32C0E560-F765-4C3F-9876-91E21C6A0E48}"
EndProject
Project("{8BC9CEB8-8B4A-11D0-8D11-00A0C91BC942}") = "Split", "Split\Split.vcxproj", "{0C944DC0-3B7A-4B7C-99D4-F6F217E42B91}"
EndProject
Project("{8BC9CEB8-8B4A-11D0-8D11-00A0C91BC942}") = "Homework_Split", "Homework_Split\Homework_Split.vcxproj", "{01E43076-27AC-4BEA-8073-4366CC59EA0D}"
EndProject
Project("{8BC9CEB8-8B4A-11D0-8D11-00A0C91BC942}") = "Practice", "Practice\Practice.vcxproj", "{6DD0FA08-716A-4C19-A6D5-041CF314D02F}"
EndProject
Project("{8BC9CEB8-8B4A-11D0-8D11-00A0C91BC942}") = "Reference", "Reference\Reference.vcxproj", "{60C27E5A-70F5-4635-B7B1-C1EA4733E67E}"
EndProject
Global
	GlobalSection(SolutionConfigurationPlatforms) = preSolution
		Debug|x64 = Debug|x64
		Debug|x86 = Debug|x86
		Release|x64 = Release|x64
		Release|x86 = Release|x86
	EndGlobalSection
	GlobalSection(ProjectConfigurationPlatforms) = postSolution
		{30920D16-2E55-4A02-8EEC-9EC4A363311F}.Debug|x64.ActiveCfg = Debug|x64
		{30920D16-2E55-4A02-8EEC-9EC4A363311F}.Debug|x64.Build.0 = Debug|x64
		{30920D16-2E55-4A02-8EEC-9EC4A363311F}.Debug|x86.ActiveCfg = Debug|Win32
		{30920D16-2E55-4A02-8EEC-9EC4A363311F}.Debug|x86.Build.0 = Debug|Win32
		{30920D16-2E55-4A02-8EEC-9EC4A363311F}.Release|x64.ActiveCfg = Release|x64
		{30920D16-2E55-4A02-8EEC-9EC4A363311F}.Release|x64.Build.0 = Release|x64
		{30920D16-2E55-4A02-8EEC-9EC4A363311F}.Release|x86.ActiveCfg = Release|Win32
		{30920D16-2E55-4A02-8EEC-9EC4A363311F}.Release|x86.Build.0 = Release|Win32
		{7CDFA51C-B082-427B-B4B4-FC7C99004860}.Debug|x64.ActiveCfg = Debug|x64
		{7CDFA51C-B082-427B-B4B4-FC7C99004860}.Debug|x64.Build.0 = Debug|x64
		{7CDFA51C-B082-427B-B4B4-FC7C99004860}.Debug|x86.ActiveCfg = Debug|Win32
		{7CDFA51C-B082-427B-B4B4-FC7C99004860}.Debug|x86.Build.0 = Debug|Win32
		{7CDFA51C-B082-427B-B4B4-FC7C99004860}.Release|x64.ActiveCfg = Release|x64
		{7CDFA51C-B082-427B-B4B4-FC7C99004860}.Release|x64.Build.0 = Release|x64
		{7CDFA51C-B082-427B-B4B4-FC7C99004860}.Release|x86.ActiveCfg = Release|Win32
		{7CDFA51C-B082-427B-B4B4-FC7C99004860}.Release|x86.Build.0 = Release|Win32
		{32C0E560-F765-4C3F-9876-91E21C6A0E48}.Debug|x64.ActiveCfg = Debug|x64
		{32C0E560-F765-4C3F-9876-91E21C6A0E48}.Debug|x64.Build.0 = Debug|x64
		{32C0E560-F765-4C3F-9876-91E21C6A0E48}.Debug|x86.ActiveCfg = Debug|Win32
		{32C0E560-F765-4C3F-9876-91E21C6A0E48}.Debug|x86.Build.0 = Debug|Win32
		{32C0E560-F765-4C3F-9876-91E21C6A0E48}.Release|x64.ActiveCfg = Release|x64
		{32C0E560-F765-4C3F-9876-91E21C6A0E48}.Release|x64.Build.0 = Release|x64
		{32C0E560-F765-4C3F-9876-91E21C6A0E48}.Release|x86.ActiveCfg = Release|Win32
		{32C0E560-F765-4C3F-9876-91E21C6A0E48}.Release|x86.Build.0 = Release|Win32
		{0C944DC0-3B7A-4B7C-99D4-F6F217E42B91}.Debug|x64.ActiveCfg = Debug|x64
		{0C944DC0-3B7A-4B7C-99D4-F6F217E42B91}.Debug|x64.Build.0 = Debug|x64
		{0C944DC0-3B7A-4B7C-99D4-F6F217E42B91}.Debug|x86.ActiveCfg = Debug|Win32
		{0C944DC0-3B7A-4B7C-99D4-F6F217E42B91}.Debug|x86.Build.0 = Debug|Win32
		{0C944DC0-3B7A-4B7C-99D4-F6F217E42B91}.Release|x64.ActiveCfg = Release|x64
		{0C944DC0-3B7A-4B7C-99D4-F6F217E42B91}.Release|x64.Build.0 = Release|x64
		{0C944DC0-3B7A-4B7C-99D4-F6F217E42B91}.Release|x86.ActiveCfg = Release|Win32
		{0C944DC0-3B7A-4B7C-99D4-F6F217E42B91}.Release|x86.Build.0 = Release|Win32
		{01E43076-27AC-4BEA-8073-4366CC59EA0D}.Debug|x64.ActiveCfg = Debug|x64
		{01E43076-27AC-4BEA-8073-4366CC59EA0D}.Debug|x64.Build.0 = Debug|x64
		{01E43076-27AC-4BEA-8073-4366CC59EA0D}.Debug|x86.ActiveCfg = Debug|Win32
		{01E43076-27AC-4BEA-8073-4366CC59EA0D}.Debug|x86.Build.0 = Debug|Win32
		{01E43076-27AC-4BEA-8073-4366CC59EA0D}.Release|x64.ActiveCfg = Release|x64
		{01E43076-27AC-4BEA-8073-4366CC59EA0D}.Release|x64.Build.0 = Release|x64
		{01E43076-27AC-4BEA-8073-4366CC59EA0D}.Release|x86.ActiveCfg = Release|Win32
		{01E43076-27AC-4BEA-8073-4366CC59EA0D}.Release|x86.Build.0 = Release|Win32
		{6DD0FA08-716A-4C19-A6D5-041CF314D02F}.Debug|x64.ActiveCfg = Debug|x64
		{6DD0FA08-716A-4C19-A6D5-041CF314D02F}.Debug|x64.Build.0 = Debug|x64
		{6DD0FA08-716A-4C19-A6D5-041CF314D02F}.Debug|x86.ActiveCfg = Debug|Win32
		{6DD0FA08-716A-4C19-A6D5-041CF314D02F}.Debug|x86.Build.0 = Debug|Win32
		{6DD0FA08-716A-4C19-A6D5-041CF314D02F}.Release|x64.ActiveCfg = Release|x64
		{6DD0FA08-716A-4C19-A6D5-041CF314D02F}.Release|x64.Build.0 = Release|x64
		{6DD0FA08-716A-4C19-A6D5-041CF314D02F}.Release|x86.ActiveCfg = Release|Win32
		{6DD0FA08-716A-4C19-A6D5-041CF314D02F}.Release|x86.Build.0 = Release|Win32
		{60C27E5A-70F5-4635-B7B1-C1EA4733E67E}.Debug|x64.ActiveCfg = Debug|x64
		{60C27E5A-70F5-4635-B7B1-C1EA4733E67E}.Debug|x64.Build.0 = Debug|x64
		{60C27E5A-70F5-4635-B7B1-C1EA4733E67E}.Debug|x86.ActiveCfg = Debug|Win32
		{60C27E5A-70F5-4635-B7B1-C1EA4733E67E}.Debug|x86.Build.0 = Debug|Win32
		{60C27E5A-70F5-4635-B7B1-C1EA4733E67E}.Release|x64.ActiveCfg = Release|x64
		{60C27E5A-70F5-4635-B7B1-C1EA4733E67E}.Release|x64.Build.0 = Release|x64
		{60C27E5A-70F5-4635-B7B1-C1EA4733E67E}.Release|x86.ActiveCfg = Release|Win32
		{60C27E5A-70F5-4635-B7B1-C1EA4733E67E}.Release|x86.Build.0 = Release|Win32
	EndGlobalSection
	GlobalSection(SolutionProperties) = preSolution
		HideSolutionNode = FALSE
	EndGlobalSection
	GlobalSection(ExtensibilityGlobals) = postSolution
		SolutionGuid = {6285A88E-134F-4CAA-BDE2-748264AE176F}
	EndGlobalSection
EndGlobal
